
Microsoft Visual Studio Solution File, Format Version 12.00
# Visual Studio 14
VisualStudioVersion = 14.0.24720.0
MinimumVisualStudioVersion = 10.0.40219.1
Project("{FAE04EC0-301F-11D3-BF4B-00C04F79EFBC}") = "FactoryPattern", "DesignPattern\FactoryPattern.csproj", "{F60F13D0-8A96-419B-90E6-F2D939CBB651}"
EndProject
Project("{FAE04EC0-301F-11D3-BF4B-00C04F79EFBC}") = "factoryPattern.Core", "DesignPattern.Core\factoryPattern.Core.csproj", "{B7CC4693-A277-4CF2-84D6-05807E5BAB2E}"
EndProject
Project("{FAE04EC0-301F-11D3-BF4B-00C04F79EFBC}") = "AdapterPattern", "AdapterPattern\AdapterPattern.csproj", "{071ADC28-C844-4C3F-9FED-F9DD7C71CA02}"
EndProject
Project("{FAE04EC0-301F-11D3-BF4B-00C04F79EFBC}") = "AdapterPatternTests", "AdapterPatternTests\AdapterPatternTests.csproj", "{4776C7C2-9BCD-451B-AA50-24BFDF8B512C}"
EndProject
Project("{FAE04EC0-301F-11D3-BF4B-00C04F79EFBC}") = "BridgePattern", "BridgePattern\BridgePattern.csproj", "{C91723CA-FC8D-4F2B-929C-58FA22EA2110}"
EndProject
Global
	GlobalSection(SolutionConfigurationPlatforms) = preSolution
		Debug|Any CPU = Debug|Any CPU
		Release|Any CPU = Release|Any CPU
	EndGlobalSection
	GlobalSection(ProjectConfigurationPlatforms) = postSolution
		{F60F13D0-8A96-419B-90E6-F2D939CBB651}.Debug|Any CPU.ActiveCfg = Debug|Any CPU
		{F60F13D0-8A96-419B-90E6-F2D939CBB651}.Debug|Any CPU.Build.0 = Debug|Any CPU
		{F60F13D0-8A96-419B-90E6-F2D939CBB651}.Release|Any CPU.ActiveCfg = Release|Any CPU
		{F60F13D0-8A96-419B-90E6-F2D939CBB651}.Release|Any CPU.Build.0 = Release|Any CPU
		{B7CC4693-A277-4CF2-84D6-05807E5BAB2E}.Debug|Any CPU.ActiveCfg = Debug|Any CPU
		{B7CC4693-A277-4CF2-84D6-05807E5BAB2E}.Debug|Any CPU.Build.0 = Debug|Any CPU
		{B7CC4693-A277-4CF2-84D6-05807E5BAB2E}.Release|Any CPU.ActiveCfg = Release|Any CPU
		{B7CC4693-A277-4CF2-84D6-05807E5BAB2E}.Release|Any CPU.Build.0 = Release|Any CPU
		{071ADC28-C844-4C3F-9FED-F9DD7C71CA02}.Debug|Any CPU.ActiveCfg = Debug|Any CPU
		{071ADC28-C844-4C3F-9FED-F9DD7C71CA02}.Debug|Any CPU.Build.0 = Debug|Any CPU
		{071ADC28-C844-4C3F-9FED-F9DD7C71CA02}.Release|Any CPU.ActiveCfg = Release|Any CPU
		{071ADC28-C844-4C3F-9FED-F9DD7C71CA02}.Release|Any CPU.Build.0 = Release|Any CPU
		{4776C7C2-9BCD-451B-AA50-24BFDF8B512C}.Debug|Any CPU.ActiveCfg = Debug|Any CPU
		{4776C7C2-9BCD-451B-AA50-24BFDF8B512C}.Debug|Any CPU.Build.0 = Debug|Any CPU
		{4776C7C2-9BCD-451B-AA50-24BFDF8B512C}.Release|Any CPU.ActiveCfg = Release|Any CPU
		{4776C7C2-9BCD-451B-AA50-24BFDF8B512C}.Release|Any CPU.Build.0 = Release|Any CPU
		{C91723CA-FC8D-4F2B-929C-58FA22EA2110}.Debug|Any CPU.ActiveCfg = Debug|Any CPU
		{C91723CA-FC8D-4F2B-929C-58FA22EA2110}.Debug|Any CPU.Build.0 = Debug|Any CPU
		{C91723CA-FC8D-4F2B-929C-58FA22EA2110}.Release|Any CPU.ActiveCfg = Release|Any CPU
		{C91723CA-FC8D-4F2B-929C-58FA22EA2110}.Release|Any CPU.Build.0 = Release|Any CPU
	EndGlobalSection
	GlobalSection(SolutionProperties) = preSolution
		HideSolutionNode = FALSE
	EndGlobalSection
EndGlobal
